
Microsoft Visual Studio Solution File, Format Version 12.00
# Visual Studio 15
VisualStudioVersion = 15.0.26730.16
MinimumVisualStudioVersion = 10.0.40219.1
Project("{FAE04EC0-301F-11D3-BF4B-00C04F79EFBC}") = "Assignment6_2017", "Assignment6_2017\Assignment6_2017.csproj", "{FA649B15-5D4E-41EA-9955-BCA4C5F1A569}"
EndProject
Global
	GlobalSection(SolutionConfigurationPlatforms) = preSolution
		Debug|Any CPU = Debug|Any CPU
		Release|Any CPU = Release|Any CPU
	EndGlobalSection
	GlobalSection(ProjectConfigurationPlatforms) = postSolution
		{FA649B15-5D4E-41EA-9955-BCA4C5F1A569}.Debug|Any CPU.ActiveCfg = Debug|Any CPU
		{FA649B15-5D4E-41EA-9955-BCA4C5F1A569}.Debug|Any CPU.Build.0 = Debug|Any CPU
		{FA649B15-5D4E-41EA-9955-BCA4C5F1A569}.Release|Any CPU.ActiveCfg = Release|Any CPU
		{FA649B15-5D4E-41EA-9955-BCA4C5F1A569}.Release|Any CPU.Build.0 = Release|Any CPU
	EndGlobalSection
	GlobalSection(SolutionProperties) = preSolution
		HideSolutionNode = FALSE
	EndGlobalSection
	GlobalSection(ExtensibilityGlobals) = postSolution
		SolutionGuid = {5A1E457D-D7A7-47AC-94E7-CF00B802B8AE}
	EndGlobalSection
EndGlobal
